
Microsoft Visual Studio Solution File, Format Version 12.00
# Visual Studio Version 17
VisualStudioVersion = 17.3.32922.545
MinimumVisualStudioVersion = 10.0.40219.1
Project("{FAE04EC0-301F-11D3-BF4B-00C04F79EFBC}") = "CarManagement", "CarManagement\CarManagement.csproj", "{D4EF912A-E7D3-4C1C-A24C-0E9FAE250CFC}"
EndProject
Global
	GlobalSection(SolutionConfigurationPlatforms) = preSolution
		Debug|Any CPU = Debug|Any CPU
		Release|Any CPU = Release|Any CPU
	EndGlobalSection
	GlobalSection(ProjectConfigurationPlatforms) = postSolution
		{D4EF912A-E7D3-4C1C-A24C-0E9FAE250CFC}.Debug|Any CPU.ActiveCfg = Debug|Any CPU
		{D4EF912A-E7D3-4C1C-A24C-0E9FAE250CFC}.Debug|Any CPU.Build.0 = Debug|Any CPU
		{D4EF912A-E7D3-4C1C-A24C-0E9FAE250CFC}.Release|Any CPU.ActiveCfg = Release|Any CPU
		{D4EF912A-E7D3-4C1C-A24C-0E9FAE250CFC}.Release|Any CPU.Build.0 = Release|Any CPU
	EndGlobalSection
	GlobalSection(SolutionProperties) = preSolution
		HideSolutionNode = FALSE
	EndGlobalSection
	GlobalSection(ExtensibilityGlobals) = postSolution
		SolutionGuid = {B33C3F65-6C96-4714-9E86-3BE5E626431A}
	EndGlobalSection
EndGlobal
